
Microsoft Visual Studio Solution File, Format Version 12.00
# Visual Studio 15
VisualStudioVersion = 15.0.27130.2027
MinimumVisualStudioVersion = 10.0.40219.1
Project("{FAE04EC0-301F-11D3-BF4B-00C04F79EFBC}") = "FPSD", "FPSD\FPSD.csproj", "{9E87A53E-34ED-41B8-8A8C-963460F1D343}"
EndProject
Global
	GlobalSection(SolutionConfigurationPlatforms) = preSolution
		Debug|Any CPU = Debug|Any CPU
		Release|Any CPU = Release|Any CPU
	EndGlobalSection
	GlobalSection(ProjectConfigurationPlatforms) = postSolution
		{9E87A53E-34ED-41B8-8A8C-963460F1D343}.Debug|Any CPU.ActiveCfg = Debug|Any CPU
		{9E87A53E-34ED-41B8-8A8C-963460F1D343}.Debug|Any CPU.Build.0 = Debug|Any CPU
		{9E87A53E-34ED-41B8-8A8C-963460F1D343}.Release|Any CPU.ActiveCfg = Release|Any CPU
		{9E87A53E-34ED-41B8-8A8C-963460F1D343}.Release|Any CPU.Build.0 = Release|Any CPU
	EndGlobalSection
	GlobalSection(SolutionProperties) = preSolution
		HideSolutionNode = FALSE
	EndGlobalSection
	GlobalSection(ExtensibilityGlobals) = postSolution
		SolutionGuid = {16CCC0E9-23F4-420C-B57D-766CE88F4CEE}
	EndGlobalSection
EndGlobal
